// !$*UTF8*$!
{
	archiveVersion = 1;
	classes = {
	};
	objectVersion = 46;
	objects = {

/* Begin PBXBuildFile section */
		F946678E13C7A318006A2D1D /* UIKit.framework in Frameworks */ = {isa = PBXBuildFile; fileRef = F946678D13C7A318006A2D1D /* UIKit.framework */; };
		F946679013C7A318006A2D1D /* Foundation.framework in Frameworks */ = {isa = PBXBuildFile; fileRef = F946678F13C7A318006A2D1D /* Foundation.framework */; };
		F946679213C7A318006A2D1D /* CoreGraphics.framework in Frameworks */ = {isa = PBXBuildFile; fileRef = F946679113C7A318006A2D1D /* CoreGraphics.framework */; };
		F946679813C7A318006A2D1D /* InfoPlist.strings in Resources */ = {isa = PBXBuildFile; fileRef = F946679613C7A318006A2D1D /* InfoPlist.strings */; };
		F946679A13C7A318006A2D1D /* main.m in Sources */ = {isa = PBXBuildFile; fileRef = F946679913C7A318006A2D1D /* main.m */; };
		F946679E13C7A318006A2D1D /* QuickenLoansFloorAppAppDelegate.m in Sources */ = {isa = PBXBuildFile; fileRef = F946679D13C7A318006A2D1D /* QuickenLoansFloorAppAppDelegate.m */; };
		F94667A013C7A318006A2D1D /* QuickenLoansFloorAppViewController.h in Resources */ = {isa = PBXBuildFile; fileRef = F946679F13C7A318006A2D1D /* QuickenLoansFloorAppViewController.h */; };
		F94667A213C7A318006A2D1D /* QuickenLoansFloorAppViewController.m in Sources */ = {isa = PBXBuildFile; fileRef = F94667A113C7A318006A2D1D /* QuickenLoansFloorAppViewController.m */; };
		F94667A513C7A318006A2D1D /* QuickenLoansFloorAppViewController.xib in Resources */ = {isa = PBXBuildFile; fileRef = F94667A313C7A318006A2D1D /* QuickenLoansFloorAppViewController.xib */; };
		F94667BD13C7AA4D006A2D1D /* MapViewController.m in Sources */ = {isa = PBXBuildFile; fileRef = F94667BB13C7AA4D006A2D1D /* MapViewController.m */; };
		F94667BE13C7AA4D006A2D1D /* MapViewController.xib in Resources */ = {isa = PBXBuildFile; fileRef = F94667BC13C7AA4D006A2D1D /* MapViewController.xib */; };
		F94667C213C7AAEB006A2D1D /* DirectoryViewController.m in Sources */ = {isa = PBXBuildFile; fileRef = F94667C013C7AAEA006A2D1D /* DirectoryViewController.m */; };
		F94667C313C7AAEB006A2D1D /* DirectoryViewController.xib in Resources */ = {isa = PBXBuildFile; fileRef = F94667C113C7AAEB006A2D1D /* DirectoryViewController.xib */; };
/* End PBXBuildFile section */

/* Begin PBXFileReference section */
		F946678913C7A317006A2D1D /* QuickenLoansFloorApp.app */ = {isa = PBXFileReference; explicitFileType = wrapper.application; includeInIndex = 0; path = QuickenLoansFloorApp.app; sourceTree = BUILT_PRODUCTS_DIR; };
		F946678D13C7A318006A2D1D /* UIKit.framework */ = {isa = PBXFileReference; lastKnownFileType = wrapper.framework; name = UIKit.framework; path = System/Library/Frameworks/UIKit.framework; sourceTree = SDKROOT; };
		F946678F13C7A318006A2D1D /* Foundation.framework */ = {isa = PBXFileReference; lastKnownFileType = wrapper.framework; name = Foundation.framework; path = System/Library/Frameworks/Foundation.framework; sourceTree = SDKROOT; };
		F946679113C7A318006A2D1D /* CoreGraphics.framework */ = {isa = PBXFileReference; lastKnownFileType = wrapper.framework; name = CoreGraphics.framework; path = System/Library/Frameworks/CoreGraphics.framework; sourceTree = SDKROOT; };
		F946679513C7A318006A2D1D /* QuickenLoansFloorApp-Info.plist */ = {isa = PBXFileReference; lastKnownFileType = text.plist.xml; path = "QuickenLoansFloorApp-Info.plist"; sourceTree = "<group>"; };
		F946679713C7A318006A2D1D /* en */ = {isa = PBXFileReference; lastKnownFileType = text.plist.strings; name = en; path = en.lproj/InfoPlist.strings; sourceTree = "<group>"; };
		F946679913C7A318006A2D1D /* main.m */ = {isa = PBXFileReference; lastKnownFileType = sourcecode.c.objc; path = main.m; sourceTree = "<group>"; };
		F946679B13C7A318006A2D1D /* QuickenLoansFloorApp-Prefix.pch */ = {isa = PBXFileReference; lastKnownFileType = sourcecode.c.h; path = "QuickenLoansFloorApp-Prefix.pch"; sourceTree = "<group>"; };
		F946679C13C7A318006A2D1D /* QuickenLoansFloorAppAppDelegate.h */ = {isa = PBXFileReference; lastKnownFileType = sourcecode.c.h; path = QuickenLoansFloorAppAppDelegate.h; sourceTree = "<group>"; };
		F946679D13C7A318006A2D1D /* QuickenLoansFloorAppAppDelegate.m */ = {isa = PBXFileReference; lastKnownFileType = sourcecode.c.objc; path = QuickenLoansFloorAppAppDelegate.m; sourceTree = "<group>"; };
		F946679F13C7A318006A2D1D /* QuickenLoansFloorAppViewController.h */ = {isa = PBXFileReference; lastKnownFileType = sourcecode.c.h; path = QuickenLoansFloorAppViewController.h; sourceTree = "<group>"; };
		F94667A113C7A318006A2D1D /* QuickenLoansFloorAppViewController.m */ = {isa = PBXFileReference; lastKnownFileType = sourcecode.c.objc; path = QuickenLoansFloorAppViewController.m; sourceTree = "<group>"; };
		F94667A413C7A318006A2D1D /* en */ = {isa = PBXFileReference; lastKnownFileType = file.xib; name = en; path = en.lproj/QuickenLoansFloorAppViewController.xib; sourceTree = "<group>"; };
		F94667BA13C7AA4D006A2D1D /* MapViewController.h */ = {isa = PBXFileReference; fileEncoding = 4; lastKnownFileType = sourcecode.c.h; path = MapViewController.h; sourceTree = "<group>"; };
		F94667BB13C7AA4D006A2D1D /* MapViewController.m */ = {isa = PBXFileReference; fileEncoding = 4; lastKnownFileType = sourcecode.c.objc; path = MapViewController.m; sourceTree = "<group>"; };
		F94667BC13C7AA4D006A2D1D /* MapViewController.xib */ = {isa = PBXFileReference; fileEncoding = 4; lastKnownFileType = file.xib; path = MapViewController.xib; sourceTree = "<group>"; };
		F94667BF13C7AAEA006A2D1D /* DirectoryViewController.h */ = {isa = PBXFileReference; fileEncoding = 4; lastKnownFileType = sourcecode.c.h; path = DirectoryViewController.h; sourceTree = "<group>"; };
		F94667C013C7AAEA006A2D1D /* DirectoryViewController.m */ = {isa = PBXFileReference; fileEncoding = 4; lastKnownFileType = sourcecode.c.objc; path = DirectoryViewController.m; sourceTree = "<group>"; };
		F94667C113C7AAEB006A2D1D /* DirectoryViewController.xib */ = {isa = PBXFileReference; fileEncoding = 4; lastKnownFileType = file.xib; path = DirectoryViewController.xib; sourceTree = "<group>"; };
/* End PBXFileReference section */

/* Begin PBXFrameworksBuildPhase section */
		F946678613C7A317006A2D1D /* Frameworks */ = {
			isa = PBXFrameworksBuildPhase;
			buildActionMask = 2147483647;
			files = (
				F946678E13C7A318006A2D1D /* UIKit.framework in Frameworks */,
				F946679013C7A318006A2D1D /* Foundation.framework in Frameworks */,
				F946679213C7A318006A2D1D /* CoreGraphics.framework in Frameworks */,
			);
			runOnlyForDeploymentPostprocessing = 0;
		};
/* End PBXFrameworksBuildPhase section */

/* Begin PBXGroup section */
		F946677E13C7A317006A2D1D = {
			isa = PBXGroup;
			children = (
				F946679313C7A318006A2D1D /* QuickenLoansFloorApp */,
				F946678C13C7A317006A2D1D /* Frameworks */,
				F946678A13C7A317006A2D1D /* Products */,
			);
			sourceTree = "<group>";
		};
		F946678A13C7A317006A2D1D /* Products */ = {
			isa = PBXGroup;
			children = (
				F946678913C7A317006A2D1D /* QuickenLoansFloorApp.app */,
			);
			name = Products;
			sourceTree = "<group>";
		};
		F946678C13C7A317006A2D1D /* Frameworks */ = {
			isa = PBXGroup;
			children = (
				F946678D13C7A318006A2D1D /* UIKit.framework */,
				F946678F13C7A318006A2D1D /* Foundation.framework */,
				F946679113C7A318006A2D1D /* CoreGraphics.framework */,
			);
			name = Frameworks;
			sourceTree = "<group>";
		};
		F946679313C7A318006A2D1D /* QuickenLoansFloorApp */ = {
			isa = PBXGroup;
			children = (
				F946679C13C7A318006A2D1D /* QuickenLoansFloorAppAppDelegate.h */,
				F946679D13C7A318006A2D1D /* QuickenLoansFloorAppAppDelegate.m */,
				F946679F13C7A318006A2D1D /* QuickenLoansFloorAppViewController.h */,
				F94667A113C7A318006A2D1D /* QuickenLoansFloorAppViewController.m */,
				F94667A313C7A318006A2D1D /* QuickenLoansFloorAppViewController.xib */,
				F946679413C7A318006A2D1D /* Supporting Files */,
				F94667BA13C7AA4D006A2D1D /* MapViewController.h */,
				F94667BB13C7AA4D006A2D1D /* MapViewController.m */,
				F94667BC13C7AA4D006A2D1D /* MapViewController.xib */,
				F94667BF13C7AAEA006A2D1D /* DirectoryViewController.h */,
				F94667C013C7AAEA006A2D1D /* DirectoryViewController.m */,
				F94667C113C7AAEB006A2D1D /* DirectoryViewController.xib */,
			);
			path = QuickenLoansFloorApp;
			sourceTree = "<group>";
		};
		F946679413C7A318006A2D1D /* Supporting Files */ = {
			isa = PBXGroup;
			children = (
				F946679513C7A318006A2D1D /* QuickenLoansFloorApp-Info.plist */,
				F946679613C7A318006A2D1D /* InfoPlist.strings */,
				F946679913C7A318006A2D1D /* main.m */,
				F946679B13C7A318006A2D1D /* QuickenLoansFloorApp-Prefix.pch */,
			);
			name = "Supporting Files";
			sourceTree = "<group>";
		};
/* End PBXGroup section */

/* Begin PBXNativeTarget section */
		F946678813C7A317006A2D1D /* QuickenLoansFloorApp */ = {
			isa = PBXNativeTarget;
			buildConfigurationList = F94667A813C7A318006A2D1D /* Build configuration list for PBXNativeTarget "QuickenLoansFloorApp" */;
			buildPhases = (
				F946678513C7A317006A2D1D /* Sources */,
				F946678613C7A317006A2D1D /* Frameworks */,
				F946678713C7A317006A2D1D /* Resources */,
			);
			buildRules = (
			);
			dependencies = (
			);
			name = QuickenLoansFloorApp;
			productName = QuickenLoansFloorApp;
			productReference = F946678913C7A317006A2D1D /* QuickenLoansFloorApp.app */;
			productType = "com.apple.product-type.application";
		};
/* End PBXNativeTarget section */

/* Begin PBXProject section */
		F946678013C7A317006A2D1D /* Project object */ = {
			isa = PBXProject;
			buildConfigurationList = F946678313C7A317006A2D1D /* Build configuration list for PBXProject "QuickenLoansFloorApp" */;
			compatibilityVersion = "Xcode 3.2";
			developmentRegion = English;
			hasScannedForEncodings = 0;
			knownRegions = (
				en,
			);
			mainGroup = F946677E13C7A317006A2D1D;
			productRefGroup = F946678A13C7A317006A2D1D /* Products */;
			projectDirPath = "";
			projectRoot = "";
			targets = (
				F946678813C7A317006A2D1D /* QuickenLoansFloorApp */,
			);
		};
/* End PBXProject section */

/* Begin PBXResourcesBuildPhase section */
		F946678713C7A317006A2D1D /* Resources */ = {
			isa = PBXResourcesBuildPhase;
			buildActionMask = 2147483647;
			files = (
				F946679813C7A318006A2D1D /* InfoPlist.strings in Resources */,
				F94667A013C7A318006A2D1D /* QuickenLoansFloorAppViewController.h in Resources */,
				F94667A513C7A318006A2D1D /* QuickenLoansFloorAppViewController.xib in Resources */,
				F94667BE13C7AA4D006A2D1D /* MapViewController.xib in Resources */,
				F94667C313C7AAEB006A2D1D /* DirectoryViewController.xib in Resources */,
			);
			runOnlyForDeploymentPostprocessing = 0;
		};
/* End PBXResourcesBuildPhase section */

/* Begin PBXSourcesBuildPhase section */
		F946678513C7A317006A2D1D /* Sources */ = {
			isa = PBXSourcesBuildPhase;
			buildActionMask = 2147483647;
			files = (
				F946679A13C7A318006A2D1D /* main.m in Sources */,
				F946679E13C7A318006A2D1D /* QuickenLoansFloorAppAppDelegate.m in Sources */,
				F94667A213C7A318006A2D1D /* QuickenLoansFloorAppViewController.m in Sources */,
				F94667BD13C7AA4D006A2D1D /* MapViewController.m in Sources */,
				F94667C213C7AAEB006A2D1D /* DirectoryViewController.m in Sources */,
			);
			runOnlyForDeploymentPostprocessing = 0;
		};
/* End PBXSourcesBuildPhase section */

/* Begin PBXVariantGroup section */
		F946679613C7A318006A2D1D /* InfoPlist.strings */ = {
			isa = PBXVariantGroup;
			children = (
				F946679713C7A318006A2D1D /* en */,
			);
			name = InfoPlist.strings;
			sourceTree = "<group>";
		};
		F94667A313C7A318006A2D1D /* QuickenLoansFloorAppViewController.xib */ = {
			isa = PBXVariantGroup;
			children = (
				F94667A413C7A318006A2D1D /* en */,
			);
			name = QuickenLoansFloorAppViewController.xib;
			sourceTree = "<group>";
		};
/* End PBXVariantGroup section */

/* Begin XCBuildConfiguration section */
		F94667A613C7A318006A2D1D /* Debug */ = {
			isa = XCBuildConfiguration;
			buildSettings = {
				ALWAYS_SEARCH_USER_PATHS = NO;
				ARCHS = "$(ARCHS_STANDARD_32_BIT)";
				CLANG_ENABLE_OBJC_ARC = YES;
				"CODE_SIGN_IDENTITY[sdk=iphoneos*]" = "iPhone Developer";
				COPY_PHASE_STRIP = NO;
				GCC_C_LANGUAGE_STANDARD = gnu99;
				GCC_DYNAMIC_NO_PIC = NO;
				GCC_OPTIMIZATION_LEVEL = 0;
				GCC_PREPROCESSOR_DEFINITIONS = (
					"DEBUG=1",
					"$(inherited)",
				);
				GCC_SYMBOLS_PRIVATE_EXTERN = NO;
				GCC_VERSION = com.apple.compilers.llvm.clang.1_0;
				GCC_WARN_ABOUT_MISSING_PROTOTYPES = YES;
				GCC_WARN_ABOUT_RETURN_TYPE = YES;
				GCC_WARN_UNUSED_VARIABLE = YES;
				IPHONEOS_DEPLOYMENT_TARGET = 5.0;
				SDKROOT = iphoneos;
				TARGETED_DEVICE_FAMILY = 2;
			};
			name = Debug;
		};
		F94667A713C7A318006A2D1D /* Release */ = {
			isa = XCBuildConfiguration;
			buildSettings = {
				ALWAYS_SEARCH_USER_PATHS = NO;
				ARCHS = "$(ARCHS_STANDARD_32_BIT)";
				CLANG_ENABLE_OBJC_ARC = YES;
				"CODE_SIGN_IDENTITY[sdk=iphoneos*]" = "iPhone Developer";
				COPY_PHASE_STRIP = YES;
				GCC_C_LANGUAGE_STANDARD = gnu99;
				GCC_VERSION = com.apple.compilers.llvm.clang.1_0;
				GCC_WARN_ABOUT_MISSING_PROTOTYPES = YES;
				GCC_WARN_ABOUT_RETURN_TYPE = YES;
				GCC_WARN_UNUSED_VARIABLE = YES;
				IPHONEOS_DEPLOYMENT_TARGET = 5.0;
				OTHER_CFLAGS = "-DNS_BLOCK_ASSERTIONS=1";
				SDKROOT = iphoneos;
				TARGETED_DEVICE_FAMILY = 2;
				VALIDATE_PRODUCT = YES;
			};
			name = Release;
		};
		F94667A913C7A318006A2D1D /* Debug */ = {
			isa = XCBuildConfiguration;
			buildSettings = {
				GCC_PRECOMPILE_PREFIX_HEADER = YES;
				GCC_PREFIX_HEADER = "QuickenLoansFloorApp/QuickenLoansFloorApp-Prefix.pch";
				INFOPLIST_FILE = "QuickenLoansFloorApp/QuickenLoansFloorApp-Info.plist";
				PRODUCT_NAME = "$(TARGET_NAME)";
				WRAPPER_EXTENSION = app;
			};
			name = Debug;
		};
		F94667AA13C7A318006A2D1D /* Release */ = {
			isa = XCBuildConfiguration;
			buildSettings = {
				GCC_PRECOMPILE_PREFIX_HEADER = YES;
				GCC_PREFIX_HEADER = "QuickenLoansFloorApp/QuickenLoansFloorApp-Prefix.pch";
				INFOPLIST_FILE = "QuickenLoansFloorApp/QuickenLoansFloorApp-Info.plist";
				PRODUCT_NAME = "$(TARGET_NAME)";
				WRAPPER_EXTENSION = app;
			};
			name = Release;
		};
/* End XCBuildConfiguration section */

/* Begin XCConfigurationList section */
		F946678313C7A317006A2D1D /* Build configuration list for PBXProject "QuickenLoansFloorApp" */ = {
			isa = XCConfigurationList;
			buildConfigurations = (
				F94667A613C7A318006A2D1D /* Debug */,
				F94667A713C7A318006A2D1D /* Release */,
			);
			defaultConfigurationIsVisible = 0;
			defaultConfigurationName = Release;
		};
		F94667A813C7A318006A2D1D /* Build configuration list for PBXNativeTarget "QuickenLoansFloorApp" */ = {
			isa = XCConfigurationList;
			buildConfigurations = (
				F94667A913C7A318006A2D1D /* Debug */,
				F94667AA13C7A318006A2D1D /* Release */,
			);
			defaultConfigurationIsVisible = 0;
		};
/* End XCConfigurationList section */
	};
	rootObject = F946678013C7A317006A2D1D /* Project object */;
}
